// !$*UTF8*$!
{
	archiveVersion = 1;
	classes = {
	};
	objectVersion = 56;
	objects = {

/* Begin PBXBuildFile section */
		0860369B2A78F6A800B84B62 /* Assets.xcassets in Resources */ = {isa = PBXBuildFile; fileRef = 0860369A2A78F6A800B84B62 /* Assets.xcassets */; };
		0860369F2A78F6A800B84B62 /* Preview Assets.xcassets in Resources */ = {isa = PBXBuildFile; fileRef = 0860369E2A78F6A800B84B62 /* Preview Assets.xcassets */; };
		086036CD2A78F74200B84B62 /* ShortVideoScreenViewController.swift in Sources */ = {isa = PBXBuildFile; fileRef = 086036C22A78F74200B84B62 /* ShortVideoScreenViewController.swift */; };
		086036CE2A78F74200B84B62 /* ShortVideoNetworkHelper.swift in Sources */ = {isa = PBXBuildFile; fileRef = 086036C32A78F74200B84B62 /* ShortVideoNetworkHelper.swift */; };
		086036CF2A78F74200B84B62 /* ShortListCollectionCellViewModel.swift in Sources */ = {isa = PBXBuildFile; fileRef = 086036C52A78F74200B84B62 /* ShortListCollectionCellViewModel.swift */; };
		086036D02A78F74200B84B62 /* ShortListCollectionViewCell.swift in Sources */ = {isa = PBXBuildFile; fileRef = 086036C62A78F74200B84B62 /* ShortListCollectionViewCell.swift */; };
		086036D12A78F74200B84B62 /* ShortVideoListView.swift in Sources */ = {isa = PBXBuildFile; fileRef = 086036C72A78F74200B84B62 /* ShortVideoListView.swift */; };
		086036D22A78F74200B84B62 /* ShortVideoScreenPanelsView.swift in Sources */ = {isa = PBXBuildFile; fileRef = 086036C92A78F74200B84B62 /* ShortVideoScreenPanelsView.swift */; };
		086036D32A78F74200B84B62 /* ShortVideoScreenPanelsViewModel.swift in Sources */ = {isa = PBXBuildFile; fileRef = 086036CA2A78F74200B84B62 /* ShortVideoScreenPanelsViewModel.swift */; };
		086036D42A78F74200B84B62 /* ShortVideoScreenViewModel.swift in Sources */ = {isa = PBXBuildFile; fileRef = 086036CB2A78F74200B84B62 /* ShortVideoScreenViewModel.swift */; };
		086036D52A78F74200B84B62 /* ShortVideoScreenRouter.swift in Sources */ = {isa = PBXBuildFile; fileRef = 086036CC2A78F74200B84B62 /* ShortVideoScreenRouter.swift */; };
/* End PBXBuildFile section */

/* Begin PBXContainerItemProxy section */
		086036A52A78F6A900B84B62 /* PBXContainerItemProxy */ = {
			isa = PBXContainerItemProxy;
			containerPortal = 0860368B2A78F6A600B84B62 /* Project object */;
			proxyType = 1;
			remoteGlobalIDString = 086036922A78F6A600B84B62;
			remoteInfo = testrepo;
		};
		086036AF2A78F6A900B84B62 /* PBXContainerItemProxy */ = {
			isa = PBXContainerItemProxy;
			containerPortal = 0860368B2A78F6A600B84B62 /* Project object */;
			proxyType = 1;
			remoteGlobalIDString = 086036922A78F6A600B84B62;
			remoteInfo = testrepo;
		};
/* End PBXContainerItemProxy section */

/* Begin PBXFileReference section */
		086036932A78F6A600B84B62 /* testrepo.app */ = {isa = PBXFileReference; explicitFileType = wrapper.application; includeInIndex = 0; path = testrepo.app; sourceTree = BUILT_PRODUCTS_DIR; };
		0860369A2A78F6A800B84B62 /* Assets.xcassets */ = {isa = PBXFileReference; lastKnownFileType = folder.assetcatalog; path = Assets.xcassets; sourceTree = "<group>"; };
		0860369C2A78F6A800B84B62 /* testrepo.entitlements */ = {isa = PBXFileReference; lastKnownFileType = text.plist.entitlements; path = testrepo.entitlements; sourceTree = "<group>"; };
		0860369E2A78F6A800B84B62 /* Preview Assets.xcassets */ = {isa = PBXFileReference; lastKnownFileType = folder.assetcatalog; path = "Preview Assets.xcassets"; sourceTree = "<group>"; };
		086036A42A78F6A900B84B62 /* testrepoTests.xctest */ = {isa = PBXFileReference; explicitFileType = wrapper.cfbundle; includeInIndex = 0; path = testrepoTests.xctest; sourceTree = BUILT_PRODUCTS_DIR; };
		086036AE2A78F6A900B84B62 /* testrepoUITests.xctest */ = {isa = PBXFileReference; explicitFileType = wrapper.cfbundle; includeInIndex = 0; path = testrepoUITests.xctest; sourceTree = BUILT_PRODUCTS_DIR; };
		086036C22A78F74200B84B62 /* ShortVideoScreenViewController.swift */ = {isa = PBXFileReference; fileEncoding = 4; lastKnownFileType = sourcecode.swift; path = ShortVideoScreenViewController.swift; sourceTree = "<group>"; };
		086036C32A78F74200B84B62 /* ShortVideoNetworkHelper.swift */ = {isa = PBXFileReference; fileEncoding = 4; lastKnownFileType = sourcecode.swift; path = ShortVideoNetworkHelper.swift; sourceTree = "<group>"; };
		086036C52A78F74200B84B62 /* ShortListCollectionCellViewModel.swift */ = {isa = PBXFileReference; fileEncoding = 4; lastKnownFileType = sourcecode.swift; path = ShortListCollectionCellViewModel.swift; sourceTree = "<group>"; };
		086036C62A78F74200B84B62 /* ShortListCollectionViewCell.swift */ = {isa = PBXFileReference; fileEncoding = 4; lastKnownFileType = sourcecode.swift; path = ShortListCollectionViewCell.swift; sourceTree = "<group>"; };
		086036C72A78F74200B84B62 /* ShortVideoListView.swift */ = {isa = PBXFileReference; fileEncoding = 4; lastKnownFileType = sourcecode.swift; path = ShortVideoListView.swift; sourceTree = "<group>"; };
		086036C92A78F74200B84B62 /* ShortVideoScreenPanelsView.swift */ = {isa = PBXFileReference; fileEncoding = 4; lastKnownFileType = sourcecode.swift; path = ShortVideoScreenPanelsView.swift; sourceTree = "<group>"; };
		086036CA2A78F74200B84B62 /* ShortVideoScreenPanelsViewModel.swift */ = {isa = PBXFileReference; fileEncoding = 4; lastKnownFileType = sourcecode.swift; path = ShortVideoScreenPanelsViewModel.swift; sourceTree = "<group>"; };
		086036CB2A78F74200B84B62 /* ShortVideoScreenViewModel.swift */ = {isa = PBXFileReference; fileEncoding = 4; lastKnownFileType = sourcecode.swift; path = ShortVideoScreenViewModel.swift; sourceTree = "<group>"; };
		086036CC2A78F74200B84B62 /* ShortVideoScreenRouter.swift */ = {isa = PBXFileReference; fileEncoding = 4; lastKnownFileType = sourcecode.swift; path = ShortVideoScreenRouter.swift; sourceTree = "<group>"; };
/* End PBXFileReference section */

/* Begin PBXFrameworksBuildPhase section */
		086036902A78F6A600B84B62 /* Frameworks */ = {
			isa = PBXFrameworksBuildPhase;
			buildActionMask = 2147483647;
			files = (
			);
			runOnlyForDeploymentPostprocessing = 0;
		};
		086036A12A78F6A900B84B62 /* Frameworks */ = {
			isa = PBXFrameworksBuildPhase;
			buildActionMask = 2147483647;
			files = (
			);
			runOnlyForDeploymentPostprocessing = 0;
		};
		086036AB2A78F6A900B84B62 /* Frameworks */ = {
			isa = PBXFrameworksBuildPhase;
			buildActionMask = 2147483647;
			files = (
			);
			runOnlyForDeploymentPostprocessing = 0;
		};
/* End PBXFrameworksBuildPhase section */

/* Begin PBXGroup section */
		0860368A2A78F6A600B84B62 = {
			isa = PBXGroup;
			children = (
				086036952A78F6A600B84B62 /* testrepo */,
				086036942A78F6A600B84B62 /* Products */,
			);
			sourceTree = "<group>";
		};
		086036942A78F6A600B84B62 /* Products */ = {
			isa = PBXGroup;
			children = (
				086036932A78F6A600B84B62 /* testrepo.app */,
				086036A42A78F6A900B84B62 /* testrepoTests.xctest */,
				086036AE2A78F6A900B84B62 /* testrepoUITests.xctest */,
			);
			name = Products;
			sourceTree = "<group>";
		};
		086036952A78F6A600B84B62 /* testrepo */ = {
			isa = PBXGroup;
			children = (
				086036C12A78F74200B84B62 /* ShortVideoScreeen */,
				0860369A2A78F6A800B84B62 /* Assets.xcassets */,
				0860369C2A78F6A800B84B62 /* testrepo.entitlements */,
				0860369D2A78F6A800B84B62 /* Preview Content */,
			);
			path = testrepo;
			sourceTree = "<group>";
		};
		0860369D2A78F6A800B84B62 /* Preview Content */ = {
			isa = PBXGroup;
			children = (
				0860369E2A78F6A800B84B62 /* Preview Assets.xcassets */,
			);
			path = "Preview Content";
			sourceTree = "<group>";
		};
		086036C12A78F74200B84B62 /* ShortVideoScreeen */ = {
			isa = PBXGroup;
			children = (
				086036C22A78F74200B84B62 /* ShortVideoScreenViewController.swift */,
				086036C32A78F74200B84B62 /* ShortVideoNetworkHelper.swift */,
				086036C42A78F74200B84B62 /* List */,
				086036CB2A78F74200B84B62 /* ShortVideoScreenViewModel.swift */,
				086036CC2A78F74200B84B62 /* ShortVideoScreenRouter.swift */,
			);
			path = ShortVideoScreeen;
			sourceTree = "<group>";
		};
		086036C42A78F74200B84B62 /* List */ = {
			isa = PBXGroup;
			children = (
				086036C52A78F74200B84B62 /* ShortListCollectionCellViewModel.swift */,
				086036C62A78F74200B84B62 /* ShortListCollectionViewCell.swift */,
				086036C72A78F74200B84B62 /* ShortVideoListView.swift */,
				086036C82A78F74200B84B62 /* Views */,
			);
			path = List;
			sourceTree = "<group>";
		};
		086036C82A78F74200B84B62 /* Views */ = {
			isa = PBXGroup;
			children = (
				086036C92A78F74200B84B62 /* ShortVideoScreenPanelsView.swift */,
				086036CA2A78F74200B84B62 /* ShortVideoScreenPanelsViewModel.swift */,
			);
			path = Views;
			sourceTree = "<group>";
		};
/* End PBXGroup section */

/* Begin PBXNativeTarget section */
		086036922A78F6A600B84B62 /* testrepo */ = {
			isa = PBXNativeTarget;
			buildConfigurationList = 086036B82A78F6A900B84B62 /* Build configuration list for PBXNativeTarget "testrepo" */;
			buildPhases = (
				0860368F2A78F6A600B84B62 /* Sources */,
				086036902A78F6A600B84B62 /* Frameworks */,
				086036912A78F6A600B84B62 /* Resources */,
			);
			buildRules = (
			);
			dependencies = (
			);
			name = testrepo;
			productName = testrepo;
			productReference = 086036932A78F6A600B84B62 /* testrepo.app */;
			productType = "com.apple.product-type.application";
		};
		086036A32A78F6A900B84B62 /* testrepoTests */ = {
			isa = PBXNativeTarget;
			buildConfigurationList = 086036BB2A78F6A900B84B62 /* Build configuration list for PBXNativeTarget "testrepoTests" */;
			buildPhases = (
				086036A02A78F6A900B84B62 /* Sources */,
				086036A12A78F6A900B84B62 /* Frameworks */,
				086036A22A78F6A900B84B62 /* Resources */,
			);
			buildRules = (
			);
			dependencies = (
				086036A62A78F6A900B84B62 /* PBXTargetDependency */,
			);
			name = testrepoTests;
			productName = testrepoTests;
			productReference = 086036A42A78F6A900B84B62 /* testrepoTests.xctest */;
			productType = "com.apple.product-type.bundle.unit-test";
		};
		086036AD2A78F6A900B84B62 /* testrepoUITests */ = {
			isa = PBXNativeTarget;
			buildConfigurationList = 086036BE2A78F6A900B84B62 /* Build configuration list for PBXNativeTarget "testrepoUITests" */;
			buildPhases = (
				086036AA2A78F6A900B84B62 /* Sources */,
				086036AB2A78F6A900B84B62 /* Frameworks */,
				086036AC2A78F6A900B84B62 /* Resources */,
			);
			buildRules = (
			);
			dependencies = (
				086036B02A78F6A900B84B62 /* PBXTargetDependency */,
			);
			name = testrepoUITests;
			productName = testrepoUITests;
			productReference = 086036AE2A78F6A900B84B62 /* testrepoUITests.xctest */;
			productType = "com.apple.product-type.bundle.ui-testing";
		};
/* End PBXNativeTarget section */

/* Begin PBXProject section */
		0860368B2A78F6A600B84B62 /* Project object */ = {
			isa = PBXProject;
			attributes = {
				BuildIndependentTargetsInParallel = 1;
				LastSwiftUpdateCheck = 1410;
				LastUpgradeCheck = 1410;
				TargetAttributes = {
					086036922A78F6A600B84B62 = {
						CreatedOnToolsVersion = 14.1;
					};
					086036A32A78F6A900B84B62 = {
						CreatedOnToolsVersion = 14.1;
						TestTargetID = 086036922A78F6A600B84B62;
					};
					086036AD2A78F6A900B84B62 = {
						CreatedOnToolsVersion = 14.1;
						TestTargetID = 086036922A78F6A600B84B62;
					};
				};
			};
			buildConfigurationList = 0860368E2A78F6A600B84B62 /* Build configuration list for PBXProject "testrepo" */;
			compatibilityVersion = "Xcode 14.0";
			developmentRegion = en;
			hasScannedForEncodings = 0;
			knownRegions = (
				en,
				Base,
			);
			mainGroup = 0860368A2A78F6A600B84B62;
			productRefGroup = 086036942A78F6A600B84B62 /* Products */;
			projectDirPath = "";
			projectRoot = "";
			targets = (
				086036922A78F6A600B84B62 /* testrepo */,
				086036A32A78F6A900B84B62 /* testrepoTests */,
				086036AD2A78F6A900B84B62 /* testrepoUITests */,
			);
		};
/* End PBXProject section */

/* Begin PBXResourcesBuildPhase section */
		086036912A78F6A600B84B62 /* Resources */ = {
			isa = PBXResourcesBuildPhase;
			buildActionMask = 2147483647;
			files = (
				0860369F2A78F6A800B84B62 /* Preview Assets.xcassets in Resources */,
				0860369B2A78F6A800B84B62 /* Assets.xcassets in Resources */,
			);
			runOnlyForDeploymentPostprocessing = 0;
		};
		086036A22A78F6A900B84B62 /* Resources */ = {
			isa = PBXResourcesBuildPhase;
			buildActionMask = 2147483647;
			files = (
			);
			runOnlyForDeploymentPostprocessing = 0;
		};
		086036AC2A78F6A900B84B62 /* Resources */ = {
			isa = PBXResourcesBuildPhase;
			buildActionMask = 2147483647;
			files = (
			);
			runOnlyForDeploymentPostprocessing = 0;
		};
/* End PBXResourcesBuildPhase section */

/* Begin PBXSourcesBuildPhase section */
		0860368F2A78F6A600B84B62 /* Sources */ = {
			isa = PBXSourcesBuildPhase;
			buildActionMask = 2147483647;
			files = (
				086036D12A78F74200B84B62 /* ShortVideoListView.swift in Sources */,
				086036CD2A78F74200B84B62 /* ShortVideoScreenViewController.swift in Sources */,
				086036D22A78F74200B84B62 /* ShortVideoScreenPanelsView.swift in Sources */,
				086036D02A78F74200B84B62 /* ShortListCollectionViewCell.swift in Sources */,
				086036D32A78F74200B84B62 /* ShortVideoScreenPanelsViewModel.swift in Sources */,
				086036D52A78F74200B84B62 /* ShortVideoScreenRouter.swift in Sources */,
				086036D42A78F74200B84B62 /* ShortVideoScreenViewModel.swift in Sources */,
				086036CF2A78F74200B84B62 /* ShortListCollectionCellViewModel.swift in Sources */,
				086036CE2A78F74200B84B62 /* ShortVideoNetworkHelper.swift in Sources */,
			);
			runOnlyForDeploymentPostprocessing = 0;
		};
		086036A02A78F6A900B84B62 /* Sources */ = {
			isa = PBXSourcesBuildPhase;
			buildActionMask = 2147483647;
			files = (
			);
			runOnlyForDeploymentPostprocessing = 0;
		};
		086036AA2A78F6A900B84B62 /* Sources */ = {
			isa = PBXSourcesBuildPhase;
			buildActionMask = 2147483647;
			files = (
			);
			runOnlyForDeploymentPostprocessing = 0;
		};
/* End PBXSourcesBuildPhase section */

/* Begin PBXTargetDependency section */
		086036A62A78F6A900B84B62 /* PBXTargetDependency */ = {
			isa = PBXTargetDependency;
			target = 086036922A78F6A600B84B62 /* testrepo */;
			targetProxy = 086036A52A78F6A900B84B62 /* PBXContainerItemProxy */;
		};
		086036B02A78F6A900B84B62 /* PBXTargetDependency */ = {
			isa = PBXTargetDependency;
			target = 086036922A78F6A600B84B62 /* testrepo */;
			targetProxy = 086036AF2A78F6A900B84B62 /* PBXContainerItemProxy */;
		};
/* End PBXTargetDependency section */

/* Begin XCBuildConfiguration section */
		086036B62A78F6A900B84B62 /* Debug */ = {
			isa = XCBuildConfiguration;
			buildSettings = {
				ALWAYS_SEARCH_USER_PATHS = NO;
				CLANG_ANALYZER_NONNULL = YES;
				CLANG_ANALYZER_NUMBER_OBJECT_CONVERSION = YES_AGGRESSIVE;
				CLANG_CXX_LANGUAGE_STANDARD = "gnu++20";
				CLANG_ENABLE_MODULES = YES;
				CLANG_ENABLE_OBJC_ARC = YES;
				CLANG_ENABLE_OBJC_WEAK = YES;
				CLANG_WARN_BLOCK_CAPTURE_AUTORELEASING = YES;
				CLANG_WARN_BOOL_CONVERSION = YES;
				CLANG_WARN_COMMA = YES;
				CLANG_WARN_CONSTANT_CONVERSION = YES;
				CLANG_WARN_DEPRECATED_OBJC_IMPLEMENTATIONS = YES;
				CLANG_WARN_DIRECT_OBJC_ISA_USAGE = YES_ERROR;
				CLANG_WARN_DOCUMENTATION_COMMENTS = YES;
				CLANG_WARN_EMPTY_BODY = YES;
				CLANG_WARN_ENUM_CONVERSION = YES;
				CLANG_WARN_INFINITE_RECURSION = YES;
				CLANG_WARN_INT_CONVERSION = YES;
				CLANG_WARN_NON_LITERAL_NULL_CONVERSION = YES;
				CLANG_WARN_OBJC_IMPLICIT_RETAIN_SELF = YES;
				CLANG_WARN_OBJC_LITERAL_CONVERSION = YES;
				CLANG_WARN_OBJC_ROOT_CLASS = YES_ERROR;
				CLANG_WARN_QUOTED_INCLUDE_IN_FRAMEWORK_HEADER = YES;
				CLANG_WARN_RANGE_LOOP_ANALYSIS = YES;
				CLANG_WARN_STRICT_PROTOTYPES = YES;
				CLANG_WARN_SUSPICIOUS_MOVE = YES;
				CLANG_WARN_UNGUARDED_AVAILABILITY = YES_AGGRESSIVE;
				CLANG_WARN_UNREACHABLE_CODE = YES;
				CLANG_WARN__DUPLICATE_METHOD_MATCH = YES;
				COPY_PHASE_STRIP = NO;
				DEBUG_INFORMATION_FORMAT = dwarf;
				ENABLE_STRICT_OBJC_MSGSEND = YES;
				ENABLE_TESTABILITY = YES;
				GCC_C_LANGUAGE_STANDARD = gnu11;
				GCC_DYNAMIC_NO_PIC = NO;
				GCC_NO_COMMON_BLOCKS = YES;
				GCC_OPTIMIZATION_LEVEL = 0;
				GCC_PREPROCESSOR_DEFINITIONS = (
					"DEBUG=1",
					"$(inherited)",
				);
				GCC_WARN_64_TO_32_BIT_CONVERSION = YES;
				GCC_WARN_ABOUT_RETURN_TYPE = YES_ERROR;
				GCC_WARN_UNDECLARED_SELECTOR = YES;
				GCC_WARN_UNINITIALIZED_AUTOS = YES_AGGRESSIVE;
				GCC_WARN_UNUSED_FUNCTION = YES;
				GCC_WARN_UNUSED_VARIABLE = YES;
				MTL_ENABLE_DEBUG_INFO = INCLUDE_SOURCE;
				MTL_FAST_MATH = YES;
				ONLY_ACTIVE_ARCH = YES;
				SWIFT_ACTIVE_COMPILATION_CONDITIONS = DEBUG;
				SWIFT_OPTIMIZATION_LEVEL = "-Onone";
			};
			name = Debug;
		};
		086036B72A78F6A900B84B62 /* Release */ = {
			isa = XCBuildConfiguration;
			buildSettings = {
				ALWAYS_SEARCH_USER_PATHS = NO;
				CLANG_ANALYZER_NONNULL = YES;
				CLANG_ANALYZER_NUMBER_OBJECT_CONVERSION = YES_AGGRESSIVE;
				CLANG_CXX_LANGUAGE_STANDARD = "gnu++20";
				CLANG_ENABLE_MODULES = YES;
				CLANG_ENABLE_OBJC_ARC = YES;
				CLANG_ENABLE_OBJC_WEAK = YES;
				CLANG_WARN_BLOCK_CAPTURE_AUTORELEASING = YES;
				CLANG_WARN_BOOL_CONVERSION = YES;
				CLANG_WARN_COMMA = YES;
				CLANG_WARN_CONSTANT_CONVERSION = YES;
				CLANG_WARN_DEPRECATED_OBJC_IMPLEMENTATIONS = YES;
				CLANG_WARN_DIRECT_OBJC_ISA_USAGE = YES_ERROR;
				CLANG_WARN_DOCUMENTATION_COMMENTS = YES;
				CLANG_WARN_EMPTY_BODY = YES;
				CLANG_WARN_ENUM_CONVERSION = YES;
				CLANG_WARN_INFINITE_RECURSION = YES;
				CLANG_WARN_INT_CONVERSION = YES;
				CLANG_WARN_NON_LITERAL_NULL_CONVERSION = YES;
				CLANG_WARN_OBJC_IMPLICIT_RETAIN_SELF = YES;
				CLANG_WARN_OBJC_LITERAL_CONVERSION = YES;
				CLANG_WARN_OBJC_ROOT_CLASS = YES_ERROR;
				CLANG_WARN_QUOTED_INCLUDE_IN_FRAMEWORK_HEADER = YES;
				CLANG_WARN_RANGE_LOOP_ANALYSIS = YES;
				CLANG_WARN_STRICT_PROTOTYPES = YES;
				CLANG_WARN_SUSPICIOUS_MOVE = YES;
				CLANG_WARN_UNGUARDED_AVAILABILITY = YES_AGGRESSIVE;
				CLANG_WARN_UNREACHABLE_CODE = YES;
				CLANG_WARN__DUPLICATE_METHOD_MATCH = YES;
				COPY_PHASE_STRIP = NO;
				DEBUG_INFORMATION_FORMAT = "dwarf-with-dsym";
				ENABLE_NS_ASSERTIONS = NO;
				ENABLE_STRICT_OBJC_MSGSEND = YES;
				GCC_C_LANGUAGE_STANDARD = gnu11;
				GCC_NO_COMMON_BLOCKS = YES;
				GCC_WARN_64_TO_32_BIT_CONVERSION = YES;
				GCC_WARN_ABOUT_RETURN_TYPE = YES_ERROR;
				GCC_WARN_UNDECLARED_SELECTOR = YES;
				GCC_WARN_UNINITIALIZED_AUTOS = YES_AGGRESSIVE;
				GCC_WARN_UNUSED_FUNCTION = YES;
				GCC_WARN_UNUSED_VARIABLE = YES;
				MTL_ENABLE_DEBUG_INFO = NO;
				MTL_FAST_MATH = YES;
				SWIFT_COMPILATION_MODE = wholemodule;
				SWIFT_OPTIMIZATION_LEVEL = "-O";
			};
			name = Release;
		};
		086036B92A78F6A900B84B62 /* Debug */ = {
			isa = XCBuildConfiguration;
			buildSettings = {
				ASSETCATALOG_COMPILER_APPICON_NAME = AppIcon;
				ASSETCATALOG_COMPILER_GLOBAL_ACCENT_COLOR_NAME = AccentColor;
				CODE_SIGN_ENTITLEMENTS = testrepo/testrepo.entitlements;
				CODE_SIGN_STYLE = Automatic;
				CURRENT_PROJECT_VERSION = 1;
				DEVELOPMENT_ASSET_PATHS = "\"testrepo/Preview Content\"";
				ENABLE_PREVIEWS = YES;
				GENERATE_INFOPLIST_FILE = YES;
				"INFOPLIST_KEY_UIApplicationSceneManifest_Generation[sdk=iphoneos*]" = YES;
				"INFOPLIST_KEY_UIApplicationSceneManifest_Generation[sdk=iphonesimulator*]" = YES;
				"INFOPLIST_KEY_UIApplicationSupportsIndirectInputEvents[sdk=iphoneos*]" = YES;
				"INFOPLIST_KEY_UIApplicationSupportsIndirectInputEvents[sdk=iphonesimulator*]" = YES;
				"INFOPLIST_KEY_UILaunchScreen_Generation[sdk=iphoneos*]" = YES;
				"INFOPLIST_KEY_UILaunchScreen_Generation[sdk=iphonesimulator*]" = YES;
				"INFOPLIST_KEY_UIStatusBarStyle[sdk=iphoneos*]" = UIStatusBarStyleDefault;
				"INFOPLIST_KEY_UIStatusBarStyle[sdk=iphonesimulator*]" = UIStatusBarStyleDefault;
				INFOPLIST_KEY_UISupportedInterfaceOrientations_iPad = "UIInterfaceOrientationPortrait UIInterfaceOrientationPortraitUpsideDown UIInterfaceOrientationLandscapeLeft UIInterfaceOrientationLandscapeRight";
				INFOPLIST_KEY_UISupportedInterfaceOrientations_iPhone = "UIInterfaceOrientationPortrait UIInterfaceOrientationLandscapeLeft UIInterfaceOrientationLandscapeRight";
				IPHONEOS_DEPLOYMENT_TARGET = 16.1;
				LD_RUNPATH_SEARCH_PATHS = "@executable_path/Frameworks";
				"LD_RUNPATH_SEARCH_PATHS[sdk=macosx*]" = "@executable_path/../Frameworks";
				MACOSX_DEPLOYMENT_TARGET = 12.6;
				MARKETING_VERSION = 1.0;
				PRODUCT_BUNDLE_IDENTIFIER = "com.cold-cell.testrepo";
				PRODUCT_NAME = "$(TARGET_NAME)";
				SDKROOT = auto;
				SUPPORTED_PLATFORMS = "iphoneos iphonesimulator macosx";
				SWIFT_EMIT_LOC_STRINGS = YES;
				SWIFT_VERSION = 5.0;
				TARGETED_DEVICE_FAMILY = "1,2";
			};
			name = Debug;
		};
		086036BA2A78F6A900B84B62 /* Release */ = {
			isa = XCBuildConfiguration;
			buildSettings = {
				ASSETCATALOG_COMPILER_APPICON_NAME = AppIcon;
				ASSETCATALOG_COMPILER_GLOBAL_ACCENT_COLOR_NAME = AccentColor;
				CODE_SIGN_ENTITLEMENTS = testrepo/testrepo.entitlements;
				CODE_SIGN_STYLE = Automatic;
				CURRENT_PROJECT_VERSION = 1;
				DEVELOPMENT_ASSET_PATHS = "\"testrepo/Preview Content\"";
				ENABLE_PREVIEWS = YES;
				GENERATE_INFOPLIST_FILE = YES;
				"INFOPLIST_KEY_UIApplicationSceneManifest_Generation[sdk=iphoneos*]" = YES;
				"INFOPLIST_KEY_UIApplicationSceneManifest_Generation[sdk=iphonesimulator*]" = YES;
				"INFOPLIST_KEY_UIApplicationSupportsIndirectInputEvents[sdk=iphoneos*]" = YES;
				"INFOPLIST_KEY_UIApplicationSupportsIndirectInputEvents[sdk=iphonesimulator*]" = YES;
				"INFOPLIST_KEY_UILaunchScreen_Generation[sdk=iphoneos*]" = YES;
				"INFOPLIST_KEY_UILaunchScreen_Generation[sdk=iphonesimulator*]" = YES;
				"INFOPLIST_KEY_UIStatusBarStyle[sdk=iphoneos*]" = UIStatusBarStyleDefault;
				"INFOPLIST_KEY_UIStatusBarStyle[sdk=iphonesimulator*]" = UIStatusBarStyleDefault;
				INFOPLIST_KEY_UISupportedInterfaceOrientations_iPad = "UIInterfaceOrientationPortrait UIInterfaceOrientationPortraitUpsideDown UIInterfaceOrientationLandscapeLeft UIInterfaceOrientationLandscapeRight";
				INFOPLIST_KEY_UISupportedInterfaceOrientations_iPhone = "UIInterfaceOrientationPortrait UIInterfaceOrientationLandscapeLeft UIInterfaceOrientationLandscapeRight";
				IPHONEOS_DEPLOYMENT_TARGET = 16.1;
				LD_RUNPATH_SEARCH_PATHS = "@executable_path/Frameworks";
				"LD_RUNPATH_SEARCH_PATHS[sdk=macosx*]" = "@executable_path/../Frameworks";
				MACOSX_DEPLOYMENT_TARGET = 12.6;
				MARKETING_VERSION = 1.0;
				PRODUCT_BUNDLE_IDENTIFIER = "com.cold-cell.testrepo";
				PRODUCT_NAME = "$(TARGET_NAME)";
				SDKROOT = auto;
				SUPPORTED_PLATFORMS = "iphoneos iphonesimulator macosx";
				SWIFT_EMIT_LOC_STRINGS = YES;
				SWIFT_VERSION = 5.0;
				TARGETED_DEVICE_FAMILY = "1,2";
			};
			name = Release;
		};
		086036BC2A78F6A900B84B62 /* Debug */ = {
			isa = XCBuildConfiguration;
			buildSettings = {
				ALWAYS_EMBED_SWIFT_STANDARD_LIBRARIES = YES;
				BUNDLE_LOADER = "$(TEST_HOST)";
				CODE_SIGN_STYLE = Automatic;
				CURRENT_PROJECT_VERSION = 1;
				GENERATE_INFOPLIST_FILE = YES;
				IPHONEOS_DEPLOYMENT_TARGET = 16.1;
				MACOSX_DEPLOYMENT_TARGET = 12.6;
				MARKETING_VERSION = 1.0;
				PRODUCT_BUNDLE_IDENTIFIER = "com.cold-cell.testrepoTests";
				PRODUCT_NAME = "$(TARGET_NAME)";
				SDKROOT = auto;
				SUPPORTED_PLATFORMS = "iphoneos iphonesimulator macosx";
				SWIFT_EMIT_LOC_STRINGS = NO;
				SWIFT_VERSION = 5.0;
				TARGETED_DEVICE_FAMILY = "1,2";
				TEST_HOST = "$(BUILT_PRODUCTS_DIR)/testrepo.app/$(BUNDLE_EXECUTABLE_FOLDER_PATH)/testrepo";
			};
			name = Debug;
		};
		086036BD2A78F6A900B84B62 /* Release */ = {
			isa = XCBuildConfiguration;
			buildSettings = {
				ALWAYS_EMBED_SWIFT_STANDARD_LIBRARIES = YES;
				BUNDLE_LOADER = "$(TEST_HOST)";
				CODE_SIGN_STYLE = Automatic;
				CURRENT_PROJECT_VERSION = 1;
				GENERATE_INFOPLIST_FILE = YES;
				IPHONEOS_DEPLOYMENT_TARGET = 16.1;
				MACOSX_DEPLOYMENT_TARGET = 12.6;
				MARKETING_VERSION = 1.0;
				PRODUCT_BUNDLE_IDENTIFIER = "com.cold-cell.testrepoTests";
				PRODUCT_NAME = "$(TARGET_NAME)";
				SDKROOT = auto;
				SUPPORTED_PLATFORMS = "iphoneos iphonesimulator macosx";
				SWIFT_EMIT_LOC_STRINGS = NO;
				SWIFT_VERSION = 5.0;
				TARGETED_DEVICE_FAMILY = "1,2";
				TEST_HOST = "$(BUILT_PRODUCTS_DIR)/testrepo.app/$(BUNDLE_EXECUTABLE_FOLDER_PATH)/testrepo";
			};
			name = Release;
		};
		086036BF2A78F6A900B84B62 /* Debug */ = {
			isa = XCBuildConfiguration;
			buildSettings = {
				ALWAYS_EMBED_SWIFT_STANDARD_LIBRARIES = YES;
				CODE_SIGN_STYLE = Automatic;
				CURRENT_PROJECT_VERSION = 1;
				GENERATE_INFOPLIST_FILE = YES;
				IPHONEOS_DEPLOYMENT_TARGET = 16.1;
				MACOSX_DEPLOYMENT_TARGET = 12.6;
				MARKETING_VERSION = 1.0;
				PRODUCT_BUNDLE_IDENTIFIER = "com.cold-cell.testrepoUITests";
				PRODUCT_NAME = "$(TARGET_NAME)";
				SDKROOT = auto;
				SUPPORTED_PLATFORMS = "iphoneos iphonesimulator macosx";
				SWIFT_EMIT_LOC_STRINGS = NO;
				SWIFT_VERSION = 5.0;
				TARGETED_DEVICE_FAMILY = "1,2";
				TEST_TARGET_NAME = testrepo;
			};
			name = Debug;
		};
		086036C02A78F6A900B84B62 /* Release */ = {
			isa = XCBuildConfiguration;
			buildSettings = {
				ALWAYS_EMBED_SWIFT_STANDARD_LIBRARIES = YES;
				CODE_SIGN_STYLE = Automatic;
				CURRENT_PROJECT_VERSION = 1;
				GENERATE_INFOPLIST_FILE = YES;
				IPHONEOS_DEPLOYMENT_TARGET = 16.1;
				MACOSX_DEPLOYMENT_TARGET = 12.6;
				MARKETING_VERSION = 1.0;
				PRODUCT_BUNDLE_IDENTIFIER = "com.cold-cell.testrepoUITests";
				PRODUCT_NAME = "$(TARGET_NAME)";
				SDKROOT = auto;
				SUPPORTED_PLATFORMS = "iphoneos iphonesimulator macosx";
				SWIFT_EMIT_LOC_STRINGS = NO;
				SWIFT_VERSION = 5.0;
				TARGETED_DEVICE_FAMILY = "1,2";
				TEST_TARGET_NAME = testrepo;
			};
			name = Release;
		};
/* End XCBuildConfiguration section */

/* Begin XCConfigurationList section */
		0860368E2A78F6A600B84B62 /* Build configuration list for PBXProject "testrepo" */ = {
			isa = XCConfigurationList;
			buildConfigurations = (
				086036B62A78F6A900B84B62 /* Debug */,
				086036B72A78F6A900B84B62 /* Release */,
			);
			defaultConfigurationIsVisible = 0;
			defaultConfigurationName = Release;
		};
		086036B82A78F6A900B84B62 /* Build configuration list for PBXNativeTarget "testrepo" */ = {
			isa = XCConfigurationList;
			buildConfigurations = (
				086036B92A78F6A900B84B62 /* Debug */,
				086036BA2A78F6A900B84B62 /* Release */,
			);
			defaultConfigurationIsVisible = 0;
			defaultConfigurationName = Release;
		};
		086036BB2A78F6A900B84B62 /* Build configuration list for PBXNativeTarget "testrepoTests" */ = {
			isa = XCConfigurationList;
			buildConfigurations = (
				086036BC2A78F6A900B84B62 /* Debug */,
				086036BD2A78F6A900B84B62 /* Release */,
			);
			defaultConfigurationIsVisible = 0;
			defaultConfigurationName = Release;
		};
		086036BE2A78F6A900B84B62 /* Build configuration list for PBXNativeTarget "testrepoUITests" */ = {
			isa = XCConfigurationList;
			buildConfigurations = (
				086036BF2A78F6A900B84B62 /* Debug */,
				086036C02A78F6A900B84B62 /* Release */,
			);
			defaultConfigurationIsVisible = 0;
			defaultConfigurationName = Release;
		};
/* End XCConfigurationList section */
	};
	rootObject = 0860368B2A78F6A600B84B62 /* Project object */;
}
